
Microsoft Visual Studio Solution File, Format Version 12.00
# Visual Studio 15
VisualStudioVersion = 15.0.27004.2008
MinimumVisualStudioVersion = 10.0.40219.1
Project("{FAE04EC0-301F-11D3-BF4B-00C04F79EFBC}") = "Explorance_Blue_sample_API_Client", "Explorance_Blue_sample_API_Client\Explorance_Blue_sample_API_Client.csproj", "{AB672391-1AFE-4F12-A0ED-21F17F26E7C7}"
EndProject
Global
	GlobalSection(SolutionConfigurationPlatforms) = preSolution
		Debug|Any CPU = Debug|Any CPU
		Release|Any CPU = Release|Any CPU
	EndGlobalSection
	GlobalSection(ProjectConfigurationPlatforms) = postSolution
		{AB672391-1AFE-4F12-A0ED-21F17F26E7C7}.Debug|Any CPU.ActiveCfg = Debug|Any CPU
		{AB672391-1AFE-4F12-A0ED-21F17F26E7C7}.Debug|Any CPU.Build.0 = Debug|Any CPU
		{AB672391-1AFE-4F12-A0ED-21F17F26E7C7}.Release|Any CPU.ActiveCfg = Release|Any CPU
		{AB672391-1AFE-4F12-A0ED-21F17F26E7C7}.Release|Any CPU.Build.0 = Release|Any CPU
	EndGlobalSection
	GlobalSection(SolutionProperties) = preSolution
		HideSolutionNode = FALSE
	EndGlobalSection
	GlobalSection(ExtensibilityGlobals) = postSolution
		SolutionGuid = {143B906C-B7C3-419E-AF07-8E3F7CEDA215}
	EndGlobalSection
EndGlobal
